
Microsoft Visual Studio Solution File, Format Version 12.00
# Visual Studio Version 17
VisualStudioVersion = 17.7.34202.233
MinimumVisualStudioVersion = 10.0.40219.1
Project("{8BC9CEB8-8B4A-11D0-8D11-00A0C91BC942}") = "testFB", "testFB.vcxproj", "{4229A93A-47CA-4601-BF9A-F3B32DE3C9B5}"
EndProject
Global
	GlobalSection(SolutionConfigurationPlatforms) = preSolution
		Debug|x64 = Debug|x64
		Debug|x86 = Debug|x86
		Release|x64 = Release|x64
		Release|x86 = Release|x86
	EndGlobalSection
	GlobalSection(ProjectConfigurationPlatforms) = postSolution
		{4229A93A-47CA-4601-BF9A-F3B32DE3C9B5}.Debug|x64.ActiveCfg = Debug|x64
		{4229A93A-47CA-4601-BF9A-F3B32DE3C9B5}.Debug|x64.Build.0 = Debug|x64
		{4229A93A-47CA-4601-BF9A-F3B32DE3C9B5}.Debug|x86.ActiveCfg = Debug|Win32
		{4229A93A-47CA-4601-BF9A-F3B32DE3C9B5}.Debug|x86.Build.0 = Debug|Win32
		{4229A93A-47CA-4601-BF9A-F3B32DE3C9B5}.Release|x64.ActiveCfg = Release|x64
		{4229A93A-47CA-4601-BF9A-F3B32DE3C9B5}.Release|x64.Build.0 = Release|x64
		{4229A93A-47CA-4601-BF9A-F3B32DE3C9B5}.Release|x86.ActiveCfg = Release|Win32
		{4229A93A-47CA-4601-BF9A-F3B32DE3C9B5}.Release|x86.Build.0 = Release|Win32
	EndGlobalSection
	GlobalSection(SolutionProperties) = preSolution
		HideSolutionNode = FALSE
	EndGlobalSection
	GlobalSection(ExtensibilityGlobals) = postSolution
		SolutionGuid = {94AB6E50-491D-439F-B3D6-C219972B9A07}
	EndGlobalSection
EndGlobal
